{
  "name": "vue-js-simple-random-profile",
  "lockfileVersion": 2,
  "requires": true,
  "packages": {
    "": {
      "dependencies": {
        "canvas-confetti": "^1.5.1"
      }
    },
    "node_modules/canvas-confetti": {
      "version": "1.5.1",
      "resolved": "https://registry.npmjs.org/canvas-confetti/-/canvas-confetti-1.5.1.tgz",
      "integrity": "sha512-Ncz+oZJP6OvY7ti4E1slxVlyAV/3g7H7oQtcCDXgwGgARxPnwYY9PW5Oe+I8uvspYNtuHviAdgA0LfcKFWJfpg==",
      "funding": {
        "type": "donate",
        "url": "https://www.paypal.me/kirilvatev"
      }
    }
  },
  "dependencies": {
    "canvas-confetti": {
      "version": "1.5.1",
      "resolved": "https://registry.npmjs.org/canvas-confetti/-/canvas-confetti-1.5.1.tgz",
      "integrity": "sha512-Ncz+oZJP6OvY7ti4E1slxVlyAV/3g7H7oQtcCDXgwGgARxPnwYY9PW5Oe+I8uvspYNtuHviAdgA0LfcKFWJfpg=="
    }
  }
}
